
Microsoft Visual Studio Solution File, Format Version 12.00
# Visual Studio Version 16
VisualStudioVersion = 16.0.29709.97
MinimumVisualStudioVersion = 10.0.40219.1
Project("{FAE04EC0-301F-11D3-BF4B-00C04F79EFBC}") = "SportsStore", "SportsStore\SportsStore.csproj", "{1C92EA71-638F-4A4C-A2FA-8667AC3B74F7}"
EndProject
Project("{FAE04EC0-301F-11D3-BF4B-00C04F79EFBC}") = "SportsStore.Tests", "SportsStore.Tests\SportsStore.Tests.csproj", "{7DD1A7D1-8906-454C-A925-DDB962DFE7BA}"
EndProject
Global
	GlobalSection(SolutionConfigurationPlatforms) = preSolution
		Debug|Any CPU = Debug|Any CPU
		Release|Any CPU = Release|Any CPU
	EndGlobalSection
	GlobalSection(ProjectConfigurationPlatforms) = postSolution
		{1C92EA71-638F-4A4C-A2FA-8667AC3B74F7}.Debug|Any CPU.ActiveCfg = Debug|Any CPU
		{1C92EA71-638F-4A4C-A2FA-8667AC3B74F7}.Debug|Any CPU.Build.0 = Debug|Any CPU
		{1C92EA71-638F-4A4C-A2FA-8667AC3B74F7}.Release|Any CPU.ActiveCfg = Release|Any CPU
		{1C92EA71-638F-4A4C-A2FA-8667AC3B74F7}.Release|Any CPU.Build.0 = Release|Any CPU
		{7DD1A7D1-8906-454C-A925-DDB962DFE7BA}.Debug|Any CPU.ActiveCfg = Debug|Any CPU
		{7DD1A7D1-8906-454C-A925-DDB962DFE7BA}.Debug|Any CPU.Build.0 = Debug|Any CPU
		{7DD1A7D1-8906-454C-A925-DDB962DFE7BA}.Release|Any CPU.ActiveCfg = Release|Any CPU
		{7DD1A7D1-8906-454C-A925-DDB962DFE7BA}.Release|Any CPU.Build.0 = Release|Any CPU
	EndGlobalSection
	GlobalSection(SolutionProperties) = preSolution
		HideSolutionNode = FALSE
	EndGlobalSection
	GlobalSection(ExtensibilityGlobals) = postSolution
		SolutionGuid = {EF49AFD9-A3E3-4A63-8510-CAD924CBADDE}
	EndGlobalSection
EndGlobal
